// !$*UTF8*$!
{
	archiveVersion = 1;
	classes = {
	};
	objectVersion = 55;
	objects = {

/* Begin PBXBuildFile section */
		7FC8C56828AE4596008E9C2F /* AppDelegate.m in Sources */ = {isa = PBXBuildFile; fileRef = 7FC8C56728AE4596008E9C2F /* AppDelegate.m */; };
		7FC8C56B28AE4596008E9C2F /* SceneDelegate.m in Sources */ = {isa = PBXBuildFile; fileRef = 7FC8C56A28AE4596008E9C2F /* SceneDelegate.m */; };
		7FC8C56E28AE4596008E9C2F /* MasterViewController.m in Sources */ = {isa = PBXBuildFile; fileRef = 7FC8C56D28AE4596008E9C2F /* MasterViewController.m */; };
		7FC8C57128AE4596008E9C2F /* Main.storyboard in Resources */ = {isa = PBXBuildFile; fileRef = 7FC8C56F28AE4596008E9C2F /* Main.storyboard */; };
		7FC8C57328AE4597008E9C2F /* Assets.xcassets in Resources */ = {isa = PBXBuildFile; fileRef = 7FC8C57228AE4597008E9C2F /* Assets.xcassets */; };
		7FC8C57628AE4597008E9C2F /* LaunchScreen.storyboard in Resources */ = {isa = PBXBuildFile; fileRef = 7FC8C57428AE4597008E9C2F /* LaunchScreen.storyboard */; };
		7FC8C57928AE4597008E9C2F /* main.m in Sources */ = {isa = PBXBuildFile; fileRef = 7FC8C57828AE4597008E9C2F /* main.m */; };
		7FC8C58328AE4597008E9C2F /* SplitViewTests.m in Sources */ = {isa = PBXBuildFile; fileRef = 7FC8C58228AE4597008E9C2F /* SplitViewTests.m */; };
		7FC8C58D28AE4597008E9C2F /* SplitViewUITests.m in Sources */ = {isa = PBXBuildFile; fileRef = 7FC8C58C28AE4597008E9C2F /* SplitViewUITests.m */; };
		7FC8C58F28AE4597008E9C2F /* SplitViewUITestsLaunchTests.m in Sources */ = {isa = PBXBuildFile; fileRef = 7FC8C58E28AE4597008E9C2F /* SplitViewUITestsLaunchTests.m */; };
		7FC8C59D28AE46D4008E9C2F /* DetailViewController.m in Sources */ = {isa = PBXBuildFile; fileRef = 7FC8C59C28AE46D4008E9C2F /* DetailViewController.m */; };
/* End PBXBuildFile section */

/* Begin PBXContainerItemProxy section */
		7FC8C57F28AE4597008E9C2F /* PBXContainerItemProxy */ = {
			isa = PBXContainerItemProxy;
			containerPortal = 7FC8C55B28AE4596008E9C2F /* Project object */;
			proxyType = 1;
			remoteGlobalIDString = 7FC8C56228AE4596008E9C2F;
			remoteInfo = SplitView;
		};
		7FC8C58928AE4597008E9C2F /* PBXContainerItemProxy */ = {
			isa = PBXContainerItemProxy;
			containerPortal = 7FC8C55B28AE4596008E9C2F /* Project object */;
			proxyType = 1;
			remoteGlobalIDString = 7FC8C56228AE4596008E9C2F;
			remoteInfo = SplitView;
		};
/* End PBXContainerItemProxy section */

/* Begin PBXFileReference section */
		7FC8C56328AE4596008E9C2F /* SplitView.app */ = {isa = PBXFileReference; explicitFileType = wrapper.application; includeInIndex = 0; path = SplitView.app; sourceTree = BUILT_PRODUCTS_DIR; };
		7FC8C56628AE4596008E9C2F /* AppDelegate.h */ = {isa = PBXFileReference; lastKnownFileType = sourcecode.c.h; path = AppDelegate.h; sourceTree = "<group>"; };
		7FC8C56728AE4596008E9C2F /* AppDelegate.m */ = {isa = PBXFileReference; lastKnownFileType = sourcecode.c.objc; path = AppDelegate.m; sourceTree = "<group>"; };
		7FC8C56928AE4596008E9C2F /* SceneDelegate.h */ = {isa = PBXFileReference; lastKnownFileType = sourcecode.c.h; path = SceneDelegate.h; sourceTree = "<group>"; };
		7FC8C56A28AE4596008E9C2F /* SceneDelegate.m */ = {isa = PBXFileReference; lastKnownFileType = sourcecode.c.objc; path = SceneDelegate.m; sourceTree = "<group>"; };
		7FC8C56C28AE4596008E9C2F /* MasterViewController.h */ = {isa = PBXFileReference; lastKnownFileType = sourcecode.c.h; path = MasterViewController.h; sourceTree = "<group>"; };
		7FC8C56D28AE4596008E9C2F /* MasterViewController.m */ = {isa = PBXFileReference; lastKnownFileType = sourcecode.c.objc; path = MasterViewController.m; sourceTree = "<group>"; };
		7FC8C57028AE4596008E9C2F /* Base */ = {isa = PBXFileReference; lastKnownFileType = file.storyboard; name = Base; path = Base.lproj/Main.storyboard; sourceTree = "<group>"; };
		7FC8C57228AE4597008E9C2F /* Assets.xcassets */ = {isa = PBXFileReference; lastKnownFileType = folder.assetcatalog; path = Assets.xcassets; sourceTree = "<group>"; };
		7FC8C57528AE4597008E9C2F /* Base */ = {isa = PBXFileReference; lastKnownFileType = file.storyboard; name = Base; path = Base.lproj/LaunchScreen.storyboard; sourceTree = "<group>"; };
		7FC8C57728AE4597008E9C2F /* Info.plist */ = {isa = PBXFileReference; lastKnownFileType = text.plist.xml; path = Info.plist; sourceTree = "<group>"; };
		7FC8C57828AE4597008E9C2F /* main.m */ = {isa = PBXFileReference; lastKnownFileType = sourcecode.c.objc; path = main.m; sourceTree = "<group>"; };
		7FC8C57E28AE4597008E9C2F /* SplitViewTests.xctest */ = {isa = PBXFileReference; explicitFileType = wrapper.cfbundle; includeInIndex = 0; path = SplitViewTests.xctest; sourceTree = BUILT_PRODUCTS_DIR; };
		7FC8C58228AE4597008E9C2F /* SplitViewTests.m */ = {isa = PBXFileReference; lastKnownFileType = sourcecode.c.objc; path = SplitViewTests.m; sourceTree = "<group>"; };
		7FC8C58828AE4597008E9C2F /* SplitViewUITests.xctest */ = {isa = PBXFileReference; explicitFileType = wrapper.cfbundle; includeInIndex = 0; path = SplitViewUITests.xctest; sourceTree = BUILT_PRODUCTS_DIR; };
		7FC8C58C28AE4597008E9C2F /* SplitViewUITests.m */ = {isa = PBXFileReference; lastKnownFileType = sourcecode.c.objc; path = SplitViewUITests.m; sourceTree = "<group>"; };
		7FC8C58E28AE4597008E9C2F /* SplitViewUITestsLaunchTests.m */ = {isa = PBXFileReference; lastKnownFileType = sourcecode.c.objc; path = SplitViewUITestsLaunchTests.m; sourceTree = "<group>"; };
		7FC8C59B28AE46D4008E9C2F /* DetailViewController.h */ = {isa = PBXFileReference; lastKnownFileType = sourcecode.c.h; path = DetailViewController.h; sourceTree = "<group>"; };
		7FC8C59C28AE46D4008E9C2F /* DetailViewController.m */ = {isa = PBXFileReference; lastKnownFileType = sourcecode.c.objc; path = DetailViewController.m; sourceTree = "<group>"; };
/* End PBXFileReference section */

/* Begin PBXFrameworksBuildPhase section */
		7FC8C56028AE4596008E9C2F /* Frameworks */ = {
			isa = PBXFrameworksBuildPhase;
			buildActionMask = 2147483647;
			files = (
			);
			runOnlyForDeploymentPostprocessing = 0;
		};
		7FC8C57B28AE4597008E9C2F /* Frameworks */ = {
			isa = PBXFrameworksBuildPhase;
			buildActionMask = 2147483647;
			files = (
			);
			runOnlyForDeploymentPostprocessing = 0;
		};
		7FC8C58528AE4597008E9C2F /* Frameworks */ = {
			isa = PBXFrameworksBuildPhase;
			buildActionMask = 2147483647;
			files = (
			);
			runOnlyForDeploymentPostprocessing = 0;
		};
/* End PBXFrameworksBuildPhase section */

/* Begin PBXGroup section */
		7FC8C55A28AE4596008E9C2F = {
			isa = PBXGroup;
			children = (
				7FC8C56528AE4596008E9C2F /* SplitView */,
				7FC8C58128AE4597008E9C2F /* SplitViewTests */,
				7FC8C58B28AE4597008E9C2F /* SplitViewUITests */,
				7FC8C56428AE4596008E9C2F /* Products */,
			);
			sourceTree = "<group>";
		};
		7FC8C56428AE4596008E9C2F /* Products */ = {
			isa = PBXGroup;
			children = (
				7FC8C56328AE4596008E9C2F /* SplitView.app */,
				7FC8C57E28AE4597008E9C2F /* SplitViewTests.xctest */,
				7FC8C58828AE4597008E9C2F /* SplitViewUITests.xctest */,
			);
			name = Products;
			sourceTree = "<group>";
		};
		7FC8C56528AE4596008E9C2F /* SplitView */ = {
			isa = PBXGroup;
			children = (
				7FC8C56628AE4596008E9C2F /* AppDelegate.h */,
				7FC8C56728AE4596008E9C2F /* AppDelegate.m */,
				7FC8C56928AE4596008E9C2F /* SceneDelegate.h */,
				7FC8C56A28AE4596008E9C2F /* SceneDelegate.m */,
				7FC8C56C28AE4596008E9C2F /* MasterViewController.h */,
				7FC8C56D28AE4596008E9C2F /* MasterViewController.m */,
				7FC8C56F28AE4596008E9C2F /* Main.storyboard */,
				7FC8C57228AE4597008E9C2F /* Assets.xcassets */,
				7FC8C57428AE4597008E9C2F /* LaunchScreen.storyboard */,
				7FC8C57728AE4597008E9C2F /* Info.plist */,
				7FC8C57828AE4597008E9C2F /* main.m */,
				7FC8C59B28AE46D4008E9C2F /* DetailViewController.h */,
				7FC8C59C28AE46D4008E9C2F /* DetailViewController.m */,
			);
			path = SplitView;
			sourceTree = "<group>";
		};
		7FC8C58128AE4597008E9C2F /* SplitViewTests */ = {
			isa = PBXGroup;
			children = (
				7FC8C58228AE4597008E9C2F /* SplitViewTests.m */,
			);
			path = SplitViewTests;
			sourceTree = "<group>";
		};
		7FC8C58B28AE4597008E9C2F /* SplitViewUITests */ = {
			isa = PBXGroup;
			children = (
				7FC8C58C28AE4597008E9C2F /* SplitViewUITests.m */,
				7FC8C58E28AE4597008E9C2F /* SplitViewUITestsLaunchTests.m */,
			);
			path = SplitViewUITests;
			sourceTree = "<group>";
		};
/* End PBXGroup section */

/* Begin PBXNativeTarget section */
		7FC8C56228AE4596008E9C2F /* SplitView */ = {
			isa = PBXNativeTarget;
			buildConfigurationList = 7FC8C59228AE4597008E9C2F /* Build configuration list for PBXNativeTarget "SplitView" */;
			buildPhases = (
				7FC8C55F28AE4596008E9C2F /* Sources */,
				7FC8C56028AE4596008E9C2F /* Frameworks */,
				7FC8C56128AE4596008E9C2F /* Resources */,
			);
			buildRules = (
			);
			dependencies = (
			);
			name = SplitView;
			productName = SplitView;
			productReference = 7FC8C56328AE4596008E9C2F /* SplitView.app */;
			productType = "com.apple.product-type.application";
		};
		7FC8C57D28AE4597008E9C2F /* SplitViewTests */ = {
			isa = PBXNativeTarget;
			buildConfigurationList = 7FC8C59528AE4597008E9C2F /* Build configuration list for PBXNativeTarget "SplitViewTests" */;
			buildPhases = (
				7FC8C57A28AE4597008E9C2F /* Sources */,
				7FC8C57B28AE4597008E9C2F /* Frameworks */,
				7FC8C57C28AE4597008E9C2F /* Resources */,
			);
			buildRules = (
			);
			dependencies = (
				7FC8C58028AE4597008E9C2F /* PBXTargetDependency */,
			);
			name = SplitViewTests;
			productName = SplitViewTests;
			productReference = 7FC8C57E28AE4597008E9C2F /* SplitViewTests.xctest */;
			productType = "com.apple.product-type.bundle.unit-test";
		};
		7FC8C58728AE4597008E9C2F /* SplitViewUITests */ = {
			isa = PBXNativeTarget;
			buildConfigurationList = 7FC8C59828AE4597008E9C2F /* Build configuration list for PBXNativeTarget "SplitViewUITests" */;
			buildPhases = (
				7FC8C58428AE4597008E9C2F /* Sources */,
				7FC8C58528AE4597008E9C2F /* Frameworks */,
				7FC8C58628AE4597008E9C2F /* Resources */,
			);
			buildRules = (
			);
			dependencies = (
				7FC8C58A28AE4597008E9C2F /* PBXTargetDependency */,
			);
			name = SplitViewUITests;
			productName = SplitViewUITests;
			productReference = 7FC8C58828AE4597008E9C2F /* SplitViewUITests.xctest */;
			productType = "com.apple.product-type.bundle.ui-testing";
		};
/* End PBXNativeTarget section */

/* Begin PBXProject section */
		7FC8C55B28AE4596008E9C2F /* Project object */ = {
			isa = PBXProject;
			attributes = {
				BuildIndependentTargetsInParallel = 1;
				LastUpgradeCheck = 1320;
				TargetAttributes = {
					7FC8C56228AE4596008E9C2F = {
						CreatedOnToolsVersion = 13.2.1;
					};
					7FC8C57D28AE4597008E9C2F = {
						CreatedOnToolsVersion = 13.2.1;
						TestTargetID = 7FC8C56228AE4596008E9C2F;
					};
					7FC8C58728AE4597008E9C2F = {
						CreatedOnToolsVersion = 13.2.1;
						TestTargetID = 7FC8C56228AE4596008E9C2F;
					};
				};
			};
			buildConfigurationList = 7FC8C55E28AE4596008E9C2F /* Build configuration list for PBXProject "SplitView" */;
			compatibilityVersion = "Xcode 13.0";
			developmentRegion = en;
			hasScannedForEncodings = 0;
			knownRegions = (
				en,
				Base,
			);
			mainGroup = 7FC8C55A28AE4596008E9C2F;
			productRefGroup = 7FC8C56428AE4596008E9C2F /* Products */;
			projectDirPath = "";
			projectRoot = "";
			targets = (
				7FC8C56228AE4596008E9C2F /* SplitView */,
				7FC8C57D28AE4597008E9C2F /* SplitViewTests */,
				7FC8C58728AE4597008E9C2F /* SplitViewUITests */,
			);
		};
/* End PBXProject section */

/* Begin PBXResourcesBuildPhase section */
		7FC8C56128AE4596008E9C2F /* Resources */ = {
			isa = PBXResourcesBuildPhase;
			buildActionMask = 2147483647;
			files = (
				7FC8C57628AE4597008E9C2F /* LaunchScreen.storyboard in Resources */,
				7FC8C57328AE4597008E9C2F /* Assets.xcassets in Resources */,
				7FC8C57128AE4596008E9C2F /* Main.storyboard in Resources */,
			);
			runOnlyForDeploymentPostprocessing = 0;
		};
		7FC8C57C28AE4597008E9C2F /* Resources */ = {
			isa = PBXResourcesBuildPhase;
			buildActionMask = 2147483647;
			files = (
			);
			runOnlyForDeploymentPostprocessing = 0;
		};
		7FC8C58628AE4597008E9C2F /* Resources */ = {
			isa = PBXResourcesBuildPhase;
			buildActionMask = 2147483647;
			files = (
			);
			runOnlyForDeploymentPostprocessing = 0;
		};
/* End PBXResourcesBuildPhase section */

/* Begin PBXSourcesBuildPhase section */
		7FC8C55F28AE4596008E9C2F /* Sources */ = {
			isa = PBXSourcesBuildPhase;
			buildActionMask = 2147483647;
			files = (
				7FC8C59D28AE46D4008E9C2F /* DetailViewController.m in Sources */,
				7FC8C56E28AE4596008E9C2F /* MasterViewController.m in Sources */,
				7FC8C56828AE4596008E9C2F /* AppDelegate.m in Sources */,
				7FC8C57928AE4597008E9C2F /* main.m in Sources */,
				7FC8C56B28AE4596008E9C2F /* SceneDelegate.m in Sources */,
			);
			runOnlyForDeploymentPostprocessing = 0;
		};
		7FC8C57A28AE4597008E9C2F /* Sources */ = {
			isa = PBXSourcesBuildPhase;
			buildActionMask = 2147483647;
			files = (
				7FC8C58328AE4597008E9C2F /* SplitViewTests.m in Sources */,
			);
			runOnlyForDeploymentPostprocessing = 0;
		};
		7FC8C58428AE4597008E9C2F /* Sources */ = {
			isa = PBXSourcesBuildPhase;
			buildActionMask = 2147483647;
			files = (
				7FC8C58F28AE4597008E9C2F /* SplitViewUITestsLaunchTests.m in Sources */,
				7FC8C58D28AE4597008E9C2F /* SplitViewUITests.m in Sources */,
			);
			runOnlyForDeploymentPostprocessing = 0;
		};
/* End PBXSourcesBuildPhase section */

/* Begin PBXTargetDependency section */
		7FC8C58028AE4597008E9C2F /* PBXTargetDependency */ = {
			isa = PBXTargetDependency;
			target = 7FC8C56228AE4596008E9C2F /* SplitView */;
			targetProxy = 7FC8C57F28AE4597008E9C2F /* PBXContainerItemProxy */;
		};
		7FC8C58A28AE4597008E9C2F /* PBXTargetDependency */ = {
			isa = PBXTargetDependency;
			target = 7FC8C56228AE4596008E9C2F /* SplitView */;
			targetProxy = 7FC8C58928AE4597008E9C2F /* PBXContainerItemProxy */;
		};
/* End PBXTargetDependency section */

/* Begin PBXVariantGroup section */
		7FC8C56F28AE4596008E9C2F /* Main.storyboard */ = {
			isa = PBXVariantGroup;
			children = (
				7FC8C57028AE4596008E9C2F /* Base */,
			);
			name = Main.storyboard;
			sourceTree = "<group>";
		};
		7FC8C57428AE4597008E9C2F /* LaunchScreen.storyboard */ = {
			isa = PBXVariantGroup;
			children = (
				7FC8C57528AE4597008E9C2F /* Base */,
			);
			name = LaunchScreen.storyboard;
			sourceTree = "<group>";
		};
/* End PBXVariantGroup section */

/* Begin XCBuildConfiguration section */
		7FC8C59028AE4597008E9C2F /* Debug */ = {
			isa = XCBuildConfiguration;
			buildSettings = {
				ALWAYS_SEARCH_USER_PATHS = NO;
				CLANG_ANALYZER_NONNULL = YES;
				CLANG_ANALYZER_NUMBER_OBJECT_CONVERSION = YES_AGGRESSIVE;
				CLANG_CXX_LANGUAGE_STANDARD = "gnu++17";
				CLANG_CXX_LIBRARY = "libc++";
				CLANG_ENABLE_MODULES = YES;
				CLANG_ENABLE_OBJC_ARC = YES;
				CLANG_ENABLE_OBJC_WEAK = YES;
				CLANG_WARN_BLOCK_CAPTURE_AUTORELEASING = YES;
				CLANG_WARN_BOOL_CONVERSION = YES;
				CLANG_WARN_COMMA = YES;
				CLANG_WARN_CONSTANT_CONVERSION = YES;
				CLANG_WARN_DEPRECATED_OBJC_IMPLEMENTATIONS = YES;
				CLANG_WARN_DIRECT_OBJC_ISA_USAGE = YES_ERROR;
				CLANG_WARN_DOCUMENTATION_COMMENTS = YES;
				CLANG_WARN_EMPTY_BODY = YES;
				CLANG_WARN_ENUM_CONVERSION = YES;
				CLANG_WARN_INFINITE_RECURSION = YES;
				CLANG_WARN_INT_CONVERSION = YES;
				CLANG_WARN_NON_LITERAL_NULL_CONVERSION = YES;
				CLANG_WARN_OBJC_IMPLICIT_RETAIN_SELF = YES;
				CLANG_WARN_OBJC_LITERAL_CONVERSION = YES;
				CLANG_WARN_OBJC_ROOT_CLASS = YES_ERROR;
				CLANG_WARN_QUOTED_INCLUDE_IN_FRAMEWORK_HEADER = YES;
				CLANG_WARN_RANGE_LOOP_ANALYSIS = YES;
				CLANG_WARN_STRICT_PROTOTYPES = YES;
				CLANG_WARN_SUSPICIOUS_MOVE = YES;
				CLANG_WARN_UNGUARDED_AVAILABILITY = YES_AGGRESSIVE;
				CLANG_WARN_UNREACHABLE_CODE = YES;
				CLANG_WARN__DUPLICATE_METHOD_MATCH = YES;
				COPY_PHASE_STRIP = NO;
				DEBUG_INFORMATION_FORMAT = dwarf;
				ENABLE_STRICT_OBJC_MSGSEND = YES;
				ENABLE_TESTABILITY = YES;
				GCC_C_LANGUAGE_STANDARD = gnu11;
				GCC_DYNAMIC_NO_PIC = NO;
				GCC_NO_COMMON_BLOCKS = YES;
				GCC_OPTIMIZATION_LEVEL = 0;
				GCC_PREPROCESSOR_DEFINITIONS = (
					"DEBUG=1",
					"$(inherited)",
				);
				GCC_WARN_64_TO_32_BIT_CONVERSION = YES;
				GCC_WARN_ABOUT_RETURN_TYPE = YES_ERROR;
				GCC_WARN_UNDECLARED_SELECTOR = YES;
				GCC_WARN_UNINITIALIZED_AUTOS = YES_AGGRESSIVE;
				GCC_WARN_UNUSED_FUNCTION = YES;
				GCC_WARN_UNUSED_VARIABLE = YES;
				IPHONEOS_DEPLOYMENT_TARGET = 15.2;
				MTL_ENABLE_DEBUG_INFO = INCLUDE_SOURCE;
				MTL_FAST_MATH = YES;
				ONLY_ACTIVE_ARCH = YES;
				SDKROOT = iphoneos;
			};
			name = Debug;
		};
		7FC8C59128AE4597008E9C2F /* Release */ = {
			isa = XCBuildConfiguration;
			buildSettings = {
				ALWAYS_SEARCH_USER_PATHS = NO;
				CLANG_ANALYZER_NONNULL = YES;
				CLANG_ANALYZER_NUMBER_OBJECT_CONVERSION = YES_AGGRESSIVE;
				CLANG_CXX_LANGUAGE_STANDARD = "gnu++17";
				CLANG_CXX_LIBRARY = "libc++";
				CLANG_ENABLE_MODULES = YES;
				CLANG_ENABLE_OBJC_ARC = YES;
				CLANG_ENABLE_OBJC_WEAK = YES;
				CLANG_WARN_BLOCK_CAPTURE_AUTORELEASING = YES;
				CLANG_WARN_BOOL_CONVERSION = YES;
				CLANG_WARN_COMMA = YES;
				CLANG_WARN_CONSTANT_CONVERSION = YES;
				CLANG_WARN_DEPRECATED_OBJC_IMPLEMENTATIONS = YES;
				CLANG_WARN_DIRECT_OBJC_ISA_USAGE = YES_ERROR;
				CLANG_WARN_DOCUMENTATION_COMMENTS = YES;
				CLANG_WARN_EMPTY_BODY = YES;
				CLANG_WARN_ENUM_CONVERSION = YES;
				CLANG_WARN_INFINITE_RECURSION = YES;
				CLANG_WARN_INT_CONVERSION = YES;
				CLANG_WARN_NON_LITERAL_NULL_CONVERSION = YES;
				CLANG_WARN_OBJC_IMPLICIT_RETAIN_SELF = YES;
				CLANG_WARN_OBJC_LITERAL_CONVERSION = YES;
				CLANG_WARN_OBJC_ROOT_CLASS = YES_ERROR;
				CLANG_WARN_QUOTED_INCLUDE_IN_FRAMEWORK_HEADER = YES;
				CLANG_WARN_RANGE_LOOP_ANALYSIS = YES;
				CLANG_WARN_STRICT_PROTOTYPES = YES;
				CLANG_WARN_SUSPICIOUS_MOVE = YES;
				CLANG_WARN_UNGUARDED_AVAILABILITY = YES_AGGRESSIVE;
				CLANG_WARN_UNREACHABLE_CODE = YES;
				CLANG_WARN__DUPLICATE_METHOD_MATCH = YES;
				COPY_PHASE_STRIP = NO;
				DEBUG_INFORMATION_FORMAT = "dwarf-with-dsym";
				ENABLE_NS_ASSERTIONS = NO;
				ENABLE_STRICT_OBJC_MSGSEND = YES;
				GCC_C_LANGUAGE_STANDARD = gnu11;
				GCC_NO_COMMON_BLOCKS = YES;
				GCC_WARN_64_TO_32_BIT_CONVERSION = YES;
				GCC_WARN_ABOUT_RETURN_TYPE = YES_ERROR;
				GCC_WARN_UNDECLARED_SELECTOR = YES;
				GCC_WARN_UNINITIALIZED_AUTOS = YES_AGGRESSIVE;
				GCC_WARN_UNUSED_FUNCTION = YES;
				GCC_WARN_UNUSED_VARIABLE = YES;
				IPHONEOS_DEPLOYMENT_TARGET = 15.2;
				MTL_ENABLE_DEBUG_INFO = NO;
				MTL_FAST_MATH = YES;
				SDKROOT = iphoneos;
				VALIDATE_PRODUCT = YES;
			};
			name = Release;
		};
		7FC8C59328AE4597008E9C2F /* Debug */ = {
			isa = XCBuildConfiguration;
			buildSettings = {
				ASSETCATALOG_COMPILER_APPICON_NAME = AppIcon;
				ASSETCATALOG_COMPILER_GLOBAL_ACCENT_COLOR_NAME = AccentColor;
				CODE_SIGN_STYLE = Automatic;
				CURRENT_PROJECT_VERSION = 1;
				GENERATE_INFOPLIST_FILE = YES;
				INFOPLIST_FILE = SplitView/Info.plist;
				INFOPLIST_KEY_UIApplicationSupportsIndirectInputEvents = YES;
				INFOPLIST_KEY_UILaunchStoryboardName = LaunchScreen;
				INFOPLIST_KEY_UIMainStoryboardFile = Main;
				INFOPLIST_KEY_UISupportedInterfaceOrientations_iPad = "UIInterfaceOrientationPortrait UIInterfaceOrientationPortraitUpsideDown UIInterfaceOrientationLandscapeLeft UIInterfaceOrientationLandscapeRight";
				INFOPLIST_KEY_UISupportedInterfaceOrientations_iPhone = "UIInterfaceOrientationPortrait UIInterfaceOrientationLandscapeLeft UIInterfaceOrientationLandscapeRight";
				LD_RUNPATH_SEARCH_PATHS = (
					"$(inherited)",
					"@executable_path/Frameworks",
				);
				MARKETING_VERSION = 1.0;
				PRODUCT_BUNDLE_IDENTIFIER = com.dohuyhoang.SplitView;
				PRODUCT_NAME = "$(TARGET_NAME)";
				SWIFT_EMIT_LOC_STRINGS = YES;
				TARGETED_DEVICE_FAMILY = "1,2";
			};
			name = Debug;
		};
		7FC8C59428AE4597008E9C2F /* Release */ = {
			isa = XCBuildConfiguration;
			buildSettings = {
				ASSETCATALOG_COMPILER_APPICON_NAME = AppIcon;
				ASSETCATALOG_COMPILER_GLOBAL_ACCENT_COLOR_NAME = AccentColor;
				CODE_SIGN_STYLE = Automatic;
				CURRENT_PROJECT_VERSION = 1;
				GENERATE_INFOPLIST_FILE = YES;
				INFOPLIST_FILE = SplitView/Info.plist;
				INFOPLIST_KEY_UIApplicationSupportsIndirectInputEvents = YES;
				INFOPLIST_KEY_UILaunchStoryboardName = LaunchScreen;
				INFOPLIST_KEY_UIMainStoryboardFile = Main;
				INFOPLIST_KEY_UISupportedInterfaceOrientations_iPad = "UIInterfaceOrientationPortrait UIInterfaceOrientationPortraitUpsideDown UIInterfaceOrientationLandscapeLeft UIInterfaceOrientationLandscapeRight";
				INFOPLIST_KEY_UISupportedInterfaceOrientations_iPhone = "UIInterfaceOrientationPortrait UIInterfaceOrientationLandscapeLeft UIInterfaceOrientationLandscapeRight";
				LD_RUNPATH_SEARCH_PATHS = (
					"$(inherited)",
					"@executable_path/Frameworks",
				);
				MARKETING_VERSION = 1.0;
				PRODUCT_BUNDLE_IDENTIFIER = com.dohuyhoang.SplitView;
				PRODUCT_NAME = "$(TARGET_NAME)";
				SWIFT_EMIT_LOC_STRINGS = YES;
				TARGETED_DEVICE_FAMILY = "1,2";
			};
			name = Release;
		};
		7FC8C59628AE4597008E9C2F /* Debug */ = {
			isa = XCBuildConfiguration;
			buildSettings = {
				BUNDLE_LOADER = "$(TEST_HOST)";
				CODE_SIGN_STYLE = Automatic;
				CURRENT_PROJECT_VERSION = 1;
				GENERATE_INFOPLIST_FILE = YES;
				IPHONEOS_DEPLOYMENT_TARGET = 15.2;
				MARKETING_VERSION = 1.0;
				PRODUCT_BUNDLE_IDENTIFIER = com.dohuyhoang.SplitViewTests;
				PRODUCT_NAME = "$(TARGET_NAME)";
				SWIFT_EMIT_LOC_STRINGS = NO;
				TARGETED_DEVICE_FAMILY = "1,2";
				TEST_HOST = "$(BUILT_PRODUCTS_DIR)/SplitView.app/SplitView";
			};
			name = Debug;
		};
		7FC8C59728AE4597008E9C2F /* Release */ = {
			isa = XCBuildConfiguration;
			buildSettings = {
				BUNDLE_LOADER = "$(TEST_HOST)";
				CODE_SIGN_STYLE = Automatic;
				CURRENT_PROJECT_VERSION = 1;
				GENERATE_INFOPLIST_FILE = YES;
				IPHONEOS_DEPLOYMENT_TARGET = 15.2;
				MARKETING_VERSION = 1.0;
				PRODUCT_BUNDLE_IDENTIFIER = com.dohuyhoang.SplitViewTests;
				PRODUCT_NAME = "$(TARGET_NAME)";
				SWIFT_EMIT_LOC_STRINGS = NO;
				TARGETED_DEVICE_FAMILY = "1,2";
				TEST_HOST = "$(BUILT_PRODUCTS_DIR)/SplitView.app/SplitView";
			};
			name = Release;
		};
		7FC8C59928AE4597008E9C2F /* Debug */ = {
			isa = XCBuildConfiguration;
			buildSettings = {
				CODE_SIGN_STYLE = Automatic;
				CURRENT_PROJECT_VERSION = 1;
				GENERATE_INFOPLIST_FILE = YES;
				MARKETING_VERSION = 1.0;
				PRODUCT_BUNDLE_IDENTIFIER = com.dohuyhoang.SplitViewUITests;
				PRODUCT_NAME = "$(TARGET_NAME)";
				SWIFT_EMIT_LOC_STRINGS = NO;
				TARGETED_DEVICE_FAMILY = "1,2";
				TEST_TARGET_NAME = SplitView;
			};
			name = Debug;
		};
		7FC8C59A28AE4597008E9C2F /* Release */ = {
			isa = XCBuildConfiguration;
			buildSettings = {
				CODE_SIGN_STYLE = Automatic;
				CURRENT_PROJECT_VERSION = 1;
				GENERATE_INFOPLIST_FILE = YES;
				MARKETING_VERSION = 1.0;
				PRODUCT_BUNDLE_IDENTIFIER = com.dohuyhoang.SplitViewUITests;
				PRODUCT_NAME = "$(TARGET_NAME)";
				SWIFT_EMIT_LOC_STRINGS = NO;
				TARGETED_DEVICE_FAMILY = "1,2";
				TEST_TARGET_NAME = SplitView;
			};
			name = Release;
		};
/* End XCBuildConfiguration section */

/* Begin XCConfigurationList section */
		7FC8C55E28AE4596008E9C2F /* Build configuration list for PBXProject "SplitView" */ = {
			isa = XCConfigurationList;
			buildConfigurations = (
				7FC8C59028AE4597008E9C2F /* Debug */,
				7FC8C59128AE4597008E9C2F /* Release */,
			);
			defaultConfigurationIsVisible = 0;
			defaultConfigurationName = Release;
		};
		7FC8C59228AE4597008E9C2F /* Build configuration list for PBXNativeTarget "SplitView" */ = {
			isa = XCConfigurationList;
			buildConfigurations = (
				7FC8C59328AE4597008E9C2F /* Debug */,
				7FC8C59428AE4597008E9C2F /* Release */,
			);
			defaultConfigurationIsVisible = 0;
			defaultConfigurationName = Release;
		};
		7FC8C59528AE4597008E9C2F /* Build configuration list for PBXNativeTarget "SplitViewTests" */ = {
			isa = XCConfigurationList;
			buildConfigurations = (
				7FC8C59628AE4597008E9C2F /* Debug */,
				7FC8C59728AE4597008E9C2F /* Release */,
			);
			defaultConfigurationIsVisible = 0;
			defaultConfigurationName = Release;
		};
		7FC8C59828AE4597008E9C2F /* Build configuration list for PBXNativeTarget "SplitViewUITests" */ = {
			isa = XCConfigurationList;
			buildConfigurations = (
				7FC8C59928AE4597008E9C2F /* Debug */,
				7FC8C59A28AE4597008E9C2F /* Release */,
			);
			defaultConfigurationIsVisible = 0;
			defaultConfigurationName = Release;
		};
/* End XCConfigurationList section */
	};
	rootObject = 7FC8C55B28AE4596008E9C2F /* Project object */;
}
